{
  "name": "dli_website",
  "lockfileVersion": 3,
  "requires": true,
  "packages": {
    "": {
      "dependencies": {
        "@portabletext/react": "^6.0.0",
        "@sanity/image-url": "^2.0.2"
      }
    },
    "node_modules/@noble/ed25519": {
      "version": "3.0.0",
      "resolved": "https://registry.npmjs.org/@noble/ed25519/-/ed25519-3.0.0.tgz",
      "integrity": "sha512-QyteqMNm0GLqfa5SoYbSC3+Pvykwpn95Zgth4MFVSMKBB75ELl9tX1LAVsN4c3HXOrakHsF2gL4zWDAYCcsnzg==",
      "license": "MIT",
      "funding": {
        "url": "https://paulmillr.com/funding/"
      }
    },
    "node_modules/@noble/hashes": {
      "version": "2.0.1",
      "resolved": "https://registry.npmjs.org/@noble/hashes/-/hashes-2.0.1.tgz",
      "integrity": "sha512-XlOlEbQcE9fmuXxrVTXCTlG2nlRXa9Rj3rr5Ue/+tX+nmkgbX720YHh0VR3hBF9xDvwnb8D2shVGOwNx+ulArw==",
      "license": "MIT",
      "engines": {
        "node": ">= 20.19.0"
      },
      "funding": {
        "url": "https://paulmillr.com/funding/"
      }
    },
    "node_modules/@portabletext/react": {
      "version": "6.0.0",
      "resolved": "https://registry.npmjs.org/@portabletext/react/-/react-6.0.0.tgz",
      "integrity": "sha512-8jzmFruC6fhC8A47c+RdiFfldzRq/rRW/FwRsr5ZMeNeCf3S0dXVlM/LJQRWH5JLQXbH3oxINN1UV2mbuZQJ9w==",
      "license": "MIT",
      "dependencies": {
        "@portabletext/toolkit": "^5.0.0",
        "@portabletext/types": "^4.0.0"
      },
      "engines": {
        "node": ">=20.19 <22 || >=22.12"
      },
      "peerDependencies": {
        "react": "^18.2 || ^19"
      }
    },
    "node_modules/@portabletext/toolkit": {
      "version": "5.0.0",
      "resolved": "https://registry.npmjs.org/@portabletext/toolkit/-/toolkit-5.0.0.tgz",
      "integrity": "sha512-jcDOv1RKO/j08pdnc/6i5tULcAzEYCR41XDVYOqmmX8bvEJbWJabhpVjHT1ls6p27v9gtA4NG2SO5xdMpgWSQQ==",
      "license": "MIT",
      "dependencies": {
        "@portabletext/types": "^4.0.0"
      },
      "engines": {
        "node": ">=20.19 <22 || >=22.12"
      }
    },
    "node_modules/@portabletext/types": {
      "version": "4.0.0",
      "resolved": "https://registry.npmjs.org/@portabletext/types/-/types-4.0.0.tgz",
      "integrity": "sha512-mEoN82OQckrshqRx8idp+x8B/OpMfUMSjQp1w1wZFM3hf8cplGhK59Sa/UuGU6XdgAnFq90vJtnj5ejOmZmhvw==",
      "license": "MIT",
      "engines": {
        "node": ">=20.19 <22 || >=22.12"
      }
    },
    "node_modules/@sanity/image-url": {
      "version": "2.0.2",
      "resolved": "https://registry.npmjs.org/@sanity/image-url/-/image-url-2.0.2.tgz",
      "integrity": "sha512-JnwFIHATLXHGVTCKmVwV0xy3xKwGlgVfeUB9cWxu72xJZMsQUyFgGiTz4zD9gRXuncAndkmtzHeIG+2vhKgxHA==",
      "license": "MIT",
      "dependencies": {
        "@sanity/signed-urls": "^2.0.1"
      },
      "engines": {
        "node": ">=20.19.0"
      }
    },
    "node_modules/@sanity/signed-urls": {
      "version": "2.0.1",
      "resolved": "https://registry.npmjs.org/@sanity/signed-urls/-/signed-urls-2.0.1.tgz",
      "integrity": "sha512-/u++FnDbaXDWHiHxG1Q4rbGsKRPf6lmTKsXeZ3bbbty/kNHDhVRUA5mRA+TtXlbPrse4ksv3a2vAerKNUNDZOw==",
      "license": "MIT",
      "dependencies": {
        "@noble/ed25519": "^3.0.0",
        "@noble/hashes": "^2.0.0"
      }
    },
    "node_modules/react": {
      "version": "19.2.3",
      "resolved": "https://registry.npmjs.org/react/-/react-19.2.3.tgz",
      "integrity": "sha512-Ku/hhYbVjOQnXDZFv2+RibmLFGwFdeeKHFcOTlrt7xplBnya5OGn/hIRDsqDiSUcfORsDC7MPxwork8jBwsIWA==",
      "license": "MIT",
      "peer": true,
      "engines": {
        "node": ">=0.10.0"
      }
    }
  }
}
